<?xml version="1.0" encoding="utf-8"?>
<Project ToolsVersion="4.0" xmlns="http://schemas.microsoft.com/developer/msbuild/2003">
  <ItemGroup>
    <Filter Include="Source Files">
      <UniqueIdentifier>{4FC737F1-C7A5-4376-A066-2A32D752A2FF}</UniqueIdentifier>
      <Extensions>cpp;c;cc;cxx;c++;cppm;ixx;def;odl;idl;hpj;bat;asm;asmx</Extensions>
    </Filter>
    <Filter Include="Header Files">
      <UniqueIdentifier>{93995380-89BD-4b04-88EB-625FBE52EBFB}</UniqueIdentifier>
      <Extensions>h;hh;hpp;hxx;h++;hm;inl;inc;ipp;xsd</Extensions>
    </Filter>
    <Filter Include="Resource Files">
      <UniqueIdentifier>{67DA6AB6-F800-4c08-8B7A-83BB121AAD01}</UniqueIdentifier>
      <Extensions>rc;ico;cur;bmp;dlg;rc2;rct;bin;rgs;gif;jpg;jpeg;jpe;resx;tiff;tif;png;wav;mfcribbon-ms</Extensions>
    </Filter>
  </ItemGroup>
  <ItemGroup>
    <ClInclude Include="core\game\sdk\UnrealContainers.hpp">
      <Filter>Header Files</Filter>
    </ClInclude>
    <ClInclude Include="core\game\sdk\UtfN.hpp">
      <Filter>Header Files</Filter>
    </ClInclude>
    <ClInclude Include="core\game\sdk\PropertyFixup.hpp">
      <Filter>Header Files</Filter>
    </ClInclude>
    <ClInclude Include="dependencies\render\render.hpp">
      <Filter>Header Files</Filter>
    </ClInclude>
    <ClInclude Include="core\game\utils\colors\colors.hpp">
      <Filter>Header Files</Filter>
    </ClInclude>
    <ClInclude Include="dependencies\includes\includes.hpp">
      <Filter>Header Files</Filter>
    </ClInclude>
    <ClInclude Include="core\game\utils\hook\hook.hpp">
      <Filter>Header Files</Filter>
    </ClInclude>
    <ClInclude Include="core\game\sdk\SDK\DeadByDaylight_classes.hpp">
      <Filter>Header Files</Filter>
    </ClInclude>
    <ClInclude Include="core\game\sdk\SDK\DeadByDaylight_parameters.hpp">
      <Filter>Header Files</Filter>
    </ClInclude>
    <ClInclude Include="core\game\sdk\SDK\DeadByDaylight_structs.hpp">
      <Filter>Header Files</Filter>
    </ClInclude>
    <ClInclude Include="core\game\sdk\SDK\Engine_classes.hpp">
      <Filter>Header Files</Filter>
    </ClInclude>
    <ClInclude Include="core\game\sdk\SDK\Engine_parameters.hpp">
      <Filter>Header Files</Filter>
    </ClInclude>
    <ClInclude Include="core\game\sdk\SDK\Engine_structs.hpp">
      <Filter>Header Files</Filter>
    </ClInclude>
    <ClInclude Include="core\game\sdk\SDK\CoreUObject_classes.hpp">
      <Filter>Header Files</Filter>
    </ClInclude>
    <ClInclude Include="core\game\sdk\SDK\CoreUObject_parameters.hpp">
      <Filter>Header Files</Filter>
    </ClInclude>
    <ClInclude Include="core\game\sdk\SDK\CoreUObject_structs.hpp">
      <Filter>Header Files</Filter>
    </ClInclude>
    <ClInclude Include="core\game\sdk\SDK\CoreUtilities_classes.hpp">
      <Filter>Header Files</Filter>
    </ClInclude>
    <ClInclude Include="core\game\sdk\SDK\CoreUtilities_parameters.hpp">
      <Filter>Header Files</Filter>
    </ClInclude>
    <ClInclude Include="core\game\sdk\SDK\CoreUtilities_structs.hpp">
      <Filter>Header Files</Filter>
    </ClInclude>
    <ClInclude Include="core\game\sdk\SDK\Basic.hpp">
      <Filter>Header Files</Filter>
    </ClInclude>
    <ClInclude Include="core\game\utils\launch\launch.hpp">
      <Filter>Header Files</Filter>
    </ClInclude>
    <ClInclude Include="core\game\utils\classes\classes.hpp">
      <Filter>Header Files</Filter>
    </ClInclude>
    <ClInclude Include="utils\settings\settings.hpp">
      <Filter>Header Files</Filter>
    </ClInclude>
    <ClInclude Include="utils\encryption\encryption.hpp">
      <Filter>Header Files</Filter>
    </ClInclude>
    <ClInclude Include="core\game\offsets\offsets.hpp">
      <Filter>Header Files</Filter>
    </ClInclude>
    <ClInclude Include="dependencies\render\menu\menu.hpp">
      <Filter>Header Files</Filter>
    </ClInclude>
    <ClInclude Include="core\game\sdk\SDK\FortniteGame_classes.hpp">
      <Filter>Header Files</Filter>
    </ClInclude>
    <ClInclude Include="core\game\sdk\SDK\FortniteGame_parameters.hpp">
      <Filter>Header Files</Filter>
    </ClInclude>
    <ClInclude Include="core\game\sdk\SDK\FortniteGame_structs.hpp">
      <Filter>Header Files</Filter>
    </ClInclude>
    <ClInclude Include="core\features\weaponstats\weaponstats.hpp">
      <Filter>Header Files</Filter>
    </ClInclude>
    <ClInclude Include="dependencies\minhook\minhook.hpp">
      <Filter>Header Files</Filter>
    </ClInclude>
    <ClInclude Include="dependencies\memory\memory.hpp">
      <Filter>Header Files</Filter>
    </ClInclude>
    <ClInclude Include="xor.h">
      <Filter>Header Files</Filter>
    </ClInclude>
    <ClInclude Include="core\game\sdk\SDK.hpp">
      <Filter>Header Files</Filter>
    </ClInclude>
    <ClInclude Include="dependencies\render\imgui\imconfig.h">
      <Filter>Header Files</Filter>
    </ClInclude>
    <ClInclude Include="dependencies\render\imgui\imgui.h">
      <Filter>Header Files</Filter>
    </ClInclude>
    <ClInclude Include="dependencies\render\imgui\imgui_impl_dx11.h">
      <Filter>Header Files</Filter>
    </ClInclude>
    <ClInclude Include="dependencies\render\imgui\imgui_impl_win32.h">
      <Filter>Header Files</Filter>
    </ClInclude>
    <ClInclude Include="dependencies\render\imgui\imgui_internal.h">
      <Filter>Header Files</Filter>
    </ClInclude>
    <ClInclude Include="dependencies\render\imgui\imstb_rectpack.h">
      <Filter>Header Files</Filter>
    </ClInclude>
    <ClInclude Include="dependencies\render\imgui\imstb_textedit.h">
      <Filter>Header Files</Filter>
    </ClInclude>
    <ClInclude Include="dependencies\render\imgui\imstb_truetype.h">
      <Filter>Header Files</Filter>
    </ClInclude>
  </ItemGroup>
  <ItemGroup>
    <ClCompile Include="dllmain.cpp">
      <Filter>Source Files</Filter>
    </ClCompile>
    <ClCompile Include="core\game\sdk\SDK\CoreUObject_functions.cpp">
      <Filter>Source Files</Filter>
    </ClCompile>
    <ClCompile Include="core\game\sdk\SDK\Basic.cpp">
      <Filter>Source Files</Filter>
    </ClCompile>
    <ClCompile Include="dependencies\render\menu\menu.cpp">
      <Filter>Source Files</Filter>
    </ClCompile>
    <ClCompile Include="core\game\sdk\SDK\FortniteGame_functions.cpp">
      <Filter>Source Files</Filter>
    </ClCompile>
    <ClCompile Include="core\features\weaponstats\weaponstats.cpp">
      <Filter>Source Files</Filter>
    </ClCompile>
    <ClCompile Include="core\game\sdk\SDK\Engine_functions.cpp">
      <Filter>Source Files</Filter>
    </ClCompile>
    <ClCompile Include="dependencies\render\imgui\imgui.cpp">
      <Filter>Source Files</Filter>
    </ClCompile>
    <ClCompile Include="dependencies\render\imgui\imgui_draw.cpp">
      <Filter>Source Files</Filter>
    </ClCompile>
    <ClCompile Include="dependencies\render\imgui\imgui_demo.cpp">
      <Filter>Source Files</Filter>
    </ClCompile>
    <ClCompile Include="dependencies\render\imgui\imgui_impl_dx11.cpp">
      <Filter>Source Files</Filter>
    </ClCompile>
    <ClCompile Include="dependencies\render\imgui\imgui_impl_win32.cpp">
      <Filter>Source Files</Filter>
    </ClCompile>
    <ClCompile Include="dependencies\render\imgui\imgui_tables.cpp">
      <Filter>Source Files</Filter>
    </ClCompile>
    <ClCompile Include="dependencies\render\imgui\imgui_widgets.cpp">
      <Filter>Source Files</Filter>
    </ClCompile>
  </ItemGroup>
  <ItemGroup>
    <None Include="core\game\sdk\NameCollisions.inl">
      <Filter>Header Files</Filter>
    </None>
  </ItemGroup>
</Project>